
Microsoft Visual Studio Solution File, Format Version 12.00
# Visual Studio Express 2012 for Web
Project("{FAE04EC0-301F-11D3-BF4B-00C04F79EFBC}") = "Avalanche", "Avalanche.csproj", "{BCDDF61A-1390-4861-9DE9-D5B135A09E70}"
EndProject
Global
	GlobalSection(TeamFoundationVersionControl) = preSolution
		SccNumberOfProjects = 2
		SccEnterpriseProvider = {4CA58AB2-18FA-4F8D-95D4-32DDF27D184C}
		SccTeamFoundationServer = https://eouw0o83hf.visualstudio.com/defaultcollection
		SccLocalPath0 = .
		SccProjectUniqueName1 = Avalanche.csproj
		SccLocalPath1 = .
	EndGlobalSection
	GlobalSection(SolutionConfigurationPlatforms) = preSolution
		Debug|Any CPU = Debug|Any CPU
		Release|Any CPU = Release|Any CPU
	EndGlobalSection
	GlobalSection(ProjectConfigurationPlatforms) = postSolution
		{BCDDF61A-1390-4861-9DE9-D5B135A09E70}.Debug|Any CPU.ActiveCfg = Debug|Any CPU
		{BCDDF61A-1390-4861-9DE9-D5B135A09E70}.Debug|Any CPU.Build.0 = Debug|Any CPU
		{BCDDF61A-1390-4861-9DE9-D5B135A09E70}.Release|Any CPU.ActiveCfg = Release|Any CPU
		{BCDDF61A-1390-4861-9DE9-D5B135A09E70}.Release|Any CPU.Build.0 = Release|Any CPU
	EndGlobalSection
	GlobalSection(SolutionProperties) = preSolution
		HideSolutionNode = FALSE
	EndGlobalSection
EndGlobal
