
Microsoft Visual Studio Solution File, Format Version 12.00
# Visual Studio 2012
Project("{FAE04EC0-301F-11D3-BF4B-00C04F79EFBC}") = "Avalanche", "Avalanche.csproj", "{BCDDF61A-1390-4861-9DE9-D5B135A09E70}"
EndProject
Project("{FAE04EC0-301F-11D3-BF4B-00C04F79EFBC}") = "Avalanche.Tests", "..\Avalanche.Tests\Avalanche.Tests.csproj", "{9A790D20-A4EE-4201-92EC-263A6AD448EB}"
EndProject
Global
	GlobalSection(SolutionConfigurationPlatforms) = preSolution
		Debug|Any CPU = Debug|Any CPU
		Release|Any CPU = Release|Any CPU
	EndGlobalSection
	GlobalSection(ProjectConfigurationPlatforms) = postSolution
		{BCDDF61A-1390-4861-9DE9-D5B135A09E70}.Debug|Any CPU.ActiveCfg = Debug|Any CPU
		{BCDDF61A-1390-4861-9DE9-D5B135A09E70}.Debug|Any CPU.Build.0 = Debug|Any CPU
		{BCDDF61A-1390-4861-9DE9-D5B135A09E70}.Release|Any CPU.ActiveCfg = Release|Any CPU
		{BCDDF61A-1390-4861-9DE9-D5B135A09E70}.Release|Any CPU.Build.0 = Release|Any CPU
		{9A790D20-A4EE-4201-92EC-263A6AD448EB}.Debug|Any CPU.ActiveCfg = Debug|Any CPU
		{9A790D20-A4EE-4201-92EC-263A6AD448EB}.Debug|Any CPU.Build.0 = Debug|Any CPU
		{9A790D20-A4EE-4201-92EC-263A6AD448EB}.Release|Any CPU.ActiveCfg = Release|Any CPU
		{9A790D20-A4EE-4201-92EC-263A6AD448EB}.Release|Any CPU.Build.0 = Release|Any CPU
	EndGlobalSection
	GlobalSection(SolutionProperties) = preSolution
		HideSolutionNode = FALSE
	EndGlobalSection
EndGlobal
